
Microsoft Visual Studio Solution File, Format Version 12.00
# Visual Studio Version 16
VisualStudioVersion = 16.0.31624.102
MinimumVisualStudioVersion = 10.0.40219.1
Project("{9A19103F-16F7-4668-BE54-9A1E7A4F7556}") = "Lesson1", "Lesson1\Lesson1.csproj", "{59C047DE-94E2-41F9-A170-5C9D8D859A68}"
EndProject
Project("{9A19103F-16F7-4668-BE54-9A1E7A4F7556}") = "Lesson2", "Lesson2\Lesson2.csproj", "{765A5B1A-AB1A-4A51-A001-C253EC2E6E18}"
EndProject
Project("{9A19103F-16F7-4668-BE54-9A1E7A4F7556}") = "Lesson3", "Lesson3\Lesson3.csproj", "{7270BCC2-7DF1-427B-B481-16174EF51B69}"
EndProject
Project("{9A19103F-16F7-4668-BE54-9A1E7A4F7556}") = "DAL", "DAL\DAL.csproj", "{EF307632-4B19-41AC-8D0E-6D2508F0DF89}"
EndProject
Project("{FAE04EC0-301F-11D3-BF4B-00C04F79EFBC}") = "Lesson4", "Lesson4\Lesson4.csproj", "{7BA3FE54-251E-4429-BC4B-360DD9155566}"
EndProject
Global
	GlobalSection(SolutionConfigurationPlatforms) = preSolution
		Debug|Any CPU = Debug|Any CPU
		Release|Any CPU = Release|Any CPU
	EndGlobalSection
	GlobalSection(ProjectConfigurationPlatforms) = postSolution
		{59C047DE-94E2-41F9-A170-5C9D8D859A68}.Debug|Any CPU.ActiveCfg = Debug|Any CPU
		{59C047DE-94E2-41F9-A170-5C9D8D859A68}.Debug|Any CPU.Build.0 = Debug|Any CPU
		{59C047DE-94E2-41F9-A170-5C9D8D859A68}.Release|Any CPU.ActiveCfg = Release|Any CPU
		{59C047DE-94E2-41F9-A170-5C9D8D859A68}.Release|Any CPU.Build.0 = Release|Any CPU
		{765A5B1A-AB1A-4A51-A001-C253EC2E6E18}.Debug|Any CPU.ActiveCfg = Debug|Any CPU
		{765A5B1A-AB1A-4A51-A001-C253EC2E6E18}.Debug|Any CPU.Build.0 = Debug|Any CPU
		{765A5B1A-AB1A-4A51-A001-C253EC2E6E18}.Release|Any CPU.ActiveCfg = Release|Any CPU
		{765A5B1A-AB1A-4A51-A001-C253EC2E6E18}.Release|Any CPU.Build.0 = Release|Any CPU
		{7270BCC2-7DF1-427B-B481-16174EF51B69}.Debug|Any CPU.ActiveCfg = Debug|Any CPU
		{7270BCC2-7DF1-427B-B481-16174EF51B69}.Debug|Any CPU.Build.0 = Debug|Any CPU
		{7270BCC2-7DF1-427B-B481-16174EF51B69}.Release|Any CPU.ActiveCfg = Release|Any CPU
		{7270BCC2-7DF1-427B-B481-16174EF51B69}.Release|Any CPU.Build.0 = Release|Any CPU
		{EF307632-4B19-41AC-8D0E-6D2508F0DF89}.Debug|Any CPU.ActiveCfg = Debug|Any CPU
		{EF307632-4B19-41AC-8D0E-6D2508F0DF89}.Debug|Any CPU.Build.0 = Debug|Any CPU
		{EF307632-4B19-41AC-8D0E-6D2508F0DF89}.Release|Any CPU.ActiveCfg = Release|Any CPU
		{EF307632-4B19-41AC-8D0E-6D2508F0DF89}.Release|Any CPU.Build.0 = Release|Any CPU
		{7BA3FE54-251E-4429-BC4B-360DD9155566}.Debug|Any CPU.ActiveCfg = Debug|Any CPU
		{7BA3FE54-251E-4429-BC4B-360DD9155566}.Debug|Any CPU.Build.0 = Debug|Any CPU
		{7BA3FE54-251E-4429-BC4B-360DD9155566}.Release|Any CPU.ActiveCfg = Release|Any CPU
		{7BA3FE54-251E-4429-BC4B-360DD9155566}.Release|Any CPU.Build.0 = Release|Any CPU
	EndGlobalSection
	GlobalSection(SolutionProperties) = preSolution
		HideSolutionNode = FALSE
	EndGlobalSection
	GlobalSection(ExtensibilityGlobals) = postSolution
		SolutionGuid = {F6A11E9F-F5D0-4704-86FB-6A8B1BB46491}
	EndGlobalSection
EndGlobal
